
Microsoft Visual Studio Solution File, Format Version 12.00
# Visual Studio 15
VisualStudioVersion = 15.0.28307.1022
MinimumVisualStudioVersion = 10.0.40219.1
Project("{FAE04EC0-301F-11D3-BF4B-00C04F79EFBC}") = "SpiralNumbers", "SpiralNumbers.csproj", "{7E32392C-C6AB-4C65-B18F-F1F0427C75BF}"
EndProject
Global
	GlobalSection(SolutionConfigurationPlatforms) = preSolution
		Debug|Any CPU = Debug|Any CPU
		Release|Any CPU = Release|Any CPU
	EndGlobalSection
	GlobalSection(ProjectConfigurationPlatforms) = postSolution
		{7E32392C-C6AB-4C65-B18F-F1F0427C75BF}.Debug|Any CPU.ActiveCfg = Debug|Any CPU
		{7E32392C-C6AB-4C65-B18F-F1F0427C75BF}.Debug|Any CPU.Build.0 = Debug|Any CPU
		{7E32392C-C6AB-4C65-B18F-F1F0427C75BF}.Release|Any CPU.ActiveCfg = Release|Any CPU
		{7E32392C-C6AB-4C65-B18F-F1F0427C75BF}.Release|Any CPU.Build.0 = Release|Any CPU
	EndGlobalSection
	GlobalSection(SolutionProperties) = preSolution
		HideSolutionNode = FALSE
	EndGlobalSection
	GlobalSection(ExtensibilityGlobals) = postSolution
		SolutionGuid = {CE3C8228-9ABE-4A79-AF5C-470F94843563}
	EndGlobalSection
EndGlobal
